
Microsoft Visual Studio Solution File, Format Version 12.00
# Visual Studio Version 17
VisualStudioVersion = 17.9.34622.214
MinimumVisualStudioVersion = 10.0.40219.1
Project("{FAE04EC0-301F-11D3-BF4B-00C04F79EFBC}") = "Mycaculator", "Mycaculator\Mycaculator.csproj", "{96B11001-9154-459A-8572-A5E4037D688C}"
EndProject
Global
	GlobalSection(SolutionConfigurationPlatforms) = preSolution
		Debug|Any CPU = Debug|Any CPU
		Release|Any CPU = Release|Any CPU
	EndGlobalSection
	GlobalSection(ProjectConfigurationPlatforms) = postSolution
		{96B11001-9154-459A-8572-A5E4037D688C}.Debug|Any CPU.ActiveCfg = Debug|Any CPU
		{96B11001-9154-459A-8572-A5E4037D688C}.Debug|Any CPU.Build.0 = Debug|Any CPU
		{96B11001-9154-459A-8572-A5E4037D688C}.Release|Any CPU.ActiveCfg = Release|Any CPU
		{96B11001-9154-459A-8572-A5E4037D688C}.Release|Any CPU.Build.0 = Release|Any CPU
	EndGlobalSection
	GlobalSection(SolutionProperties) = preSolution
		HideSolutionNode = FALSE
	EndGlobalSection
	GlobalSection(ExtensibilityGlobals) = postSolution
		SolutionGuid = {F2705BC2-8673-49D7-884C-72598E80D126}
	EndGlobalSection
EndGlobal
