
Microsoft Visual Studio Solution File, Format Version 12.00
# Visual Studio Version 17
VisualStudioVersion = 17.9.34622.214
MinimumVisualStudioVersion = 10.0.40219.1
Project("{FAE04EC0-301F-11D3-BF4B-00C04F79EFBC}") = "Server", "Server\Server.csproj", "{257596BA-4831-4551-9825-D069CE810E37}"
EndProject
Project("{FAE04EC0-301F-11D3-BF4B-00C04F79EFBC}") = "Client", "Client\Client.csproj", "{2FF7CCAC-A6EA-433D-8CCB-C17B02C8E4C3}"
EndProject
Global
	GlobalSection(SolutionConfigurationPlatforms) = preSolution
		Debug|Any CPU = Debug|Any CPU
		Release|Any CPU = Release|Any CPU
	EndGlobalSection
	GlobalSection(ProjectConfigurationPlatforms) = postSolution
		{257596BA-4831-4551-9825-D069CE810E37}.Debug|Any CPU.ActiveCfg = Debug|Any CPU
		{257596BA-4831-4551-9825-D069CE810E37}.Debug|Any CPU.Build.0 = Debug|Any CPU
		{257596BA-4831-4551-9825-D069CE810E37}.Release|Any CPU.ActiveCfg = Release|Any CPU
		{257596BA-4831-4551-9825-D069CE810E37}.Release|Any CPU.Build.0 = Release|Any CPU
		{2FF7CCAC-A6EA-433D-8CCB-C17B02C8E4C3}.Debug|Any CPU.ActiveCfg = Debug|Any CPU
		{2FF7CCAC-A6EA-433D-8CCB-C17B02C8E4C3}.Debug|Any CPU.Build.0 = Debug|Any CPU
		{2FF7CCAC-A6EA-433D-8CCB-C17B02C8E4C3}.Release|Any CPU.ActiveCfg = Release|Any CPU
		{2FF7CCAC-A6EA-433D-8CCB-C17B02C8E4C3}.Release|Any CPU.Build.0 = Release|Any CPU
	EndGlobalSection
	GlobalSection(SolutionProperties) = preSolution
		HideSolutionNode = FALSE
	EndGlobalSection
	GlobalSection(ExtensibilityGlobals) = postSolution
		SolutionGuid = {CEC7FF9D-240D-4DBF-9125-6BFF6BC7A19F}
	EndGlobalSection
EndGlobal
